x-logging: &logging
  driver: "json-file"
  options:
    max-size: "10m"
    max-file: "3"

services:
  pg-keycloak:
    image: postgres:14.18
    container_name: pg-keycloak
    restart: unless-stopped
    healthcheck:
      test: [ "CMD", "pg_isready", "-U", "keycloak" ]
      interval: 30s
      timeout: 10s
      retries: 3
    environment:
      POSTGRES_DB: keycloak
      POSTGRES_USER: admin
      POSTGRES_PASSWORD: admin
    volumes:
      - pg_kc_data:/var/lib/postgresql/data
      - type: tmpfs
        target: /var/lib/postgresql/data
        tmpfs:
          size: 100000000
    networks:
      - srms-network
    logging: *logging

  keycloak:
    image: quay.io/keycloak/keycloak:26.3
    command: [ "start-dev", "--import-realm" ]
    restart: unless-stopped
    environment:
      KC_DB: postgres
      KC_DB_USERNAME: admin
      KC_DB_PASSWORD: admin
      KC_DB_URL: "jdbc:pg-keycloak://pg-keycloak:5432/keycloak"
      KC_BOOTSTRAP_ADMIN_USERNAME: admin
      KC_BOOTSTRAP_ADMIN_PASSWORD: admin
      KC_METRICS_ENABLED: true
      KC_LOG_LEVEL: INFO
    healthcheck:
      test: ["CMD", "curl", "-f", "http://localhost:8080/auth/realms/master"]
      interval: 30s
      timeout: 10s
      retries: 3
    ports:
      - 8585:8080
    depends_on:
      - pg_kc
    volumes:
      - ./keycloak:/opt/keycloak/data/import
    networks:
      - srms-network
    logging: *logging

volumes:
  pg_kc_data: